
Microsoft Visual Studio Solution File, Format Version 12.00
# Visual Studio Version 16
VisualStudioVersion = 16.0.32901.82
MinimumVisualStudioVersion = 10.0.40219.1
Project("{FAE04EC0-301F-11D3-BF4B-00C04F79EFBC}") = "Practica_9", "Practica_9\Practica_9.csproj", "{F3E5D1F4-E12D-4387-A29F-4F1D94324D36}"
EndProject
Global
	GlobalSection(SolutionConfigurationPlatforms) = preSolution
		Debug|Any CPU = Debug|Any CPU
		Release|Any CPU = Release|Any CPU
	EndGlobalSection
	GlobalSection(ProjectConfigurationPlatforms) = postSolution
		{F3E5D1F4-E12D-4387-A29F-4F1D94324D36}.Debug|Any CPU.ActiveCfg = Debug|Any CPU
		{F3E5D1F4-E12D-4387-A29F-4F1D94324D36}.Debug|Any CPU.Build.0 = Debug|Any CPU
		{F3E5D1F4-E12D-4387-A29F-4F1D94324D36}.Release|Any CPU.ActiveCfg = Release|Any CPU
		{F3E5D1F4-E12D-4387-A29F-4F1D94324D36}.Release|Any CPU.Build.0 = Release|Any CPU
	EndGlobalSection
	GlobalSection(SolutionProperties) = preSolution
		HideSolutionNode = FALSE
	EndGlobalSection
	GlobalSection(ExtensibilityGlobals) = postSolution
		SolutionGuid = {98D66957-3821-4AF5-ACCD-47A7E2125693}
	EndGlobalSection
EndGlobal
